
Microsoft Visual Studio Solution File, Format Version 12.00
# Visual Studio Version 17
VisualStudioVersion = 17.14.36623.8 d17.14
MinimumVisualStudioVersion = 10.0.40219.1
Project("{FAE04EC0-301F-11D3-BF4B-00C04F79EFBC}") = "Workshop 6", "Workshop 6\Workshop 6.csproj", "{49E57869-8ADC-4DAC-98D0-0B04A32CD201}"
EndProject
Global
	GlobalSection(SolutionConfigurationPlatforms) = preSolution
		Debug|Any CPU = Debug|Any CPU
		Release|Any CPU = Release|Any CPU
	EndGlobalSection
	GlobalSection(ProjectConfigurationPlatforms) = postSolution
		{49E57869-8ADC-4DAC-98D0-0B04A32CD201}.Debug|Any CPU.ActiveCfg = Debug|Any CPU
		{49E57869-8ADC-4DAC-98D0-0B04A32CD201}.Debug|Any CPU.Build.0 = Debug|Any CPU
		{49E57869-8ADC-4DAC-98D0-0B04A32CD201}.Release|Any CPU.ActiveCfg = Release|Any CPU
		{49E57869-8ADC-4DAC-98D0-0B04A32CD201}.Release|Any CPU.Build.0 = Release|Any CPU
	EndGlobalSection
	GlobalSection(SolutionProperties) = preSolution
		HideSolutionNode = FALSE
	EndGlobalSection
	GlobalSection(ExtensibilityGlobals) = postSolution
		SolutionGuid = {F0BF21C5-3668-463E-946D-80CF738A0CFC}
	EndGlobalSection
EndGlobal
